// !$*UTF8*$!
{
	archiveVersion = 1;
	classes = {
	};
	objectVersion = 46;
	objects = {

/* Begin PBXBuildFile section */
		5A18D3AB1C3B262800D6536A /* AppDelegate.swift in Sources */ = {isa = PBXBuildFile; fileRef = 5A18D3AA1C3B262800D6536A /* AppDelegate.swift */; };
		5A18D3AD1C3B262800D6536A /* ViewController.swift in Sources */ = {isa = PBXBuildFile; fileRef = 5A18D3AC1C3B262800D6536A /* ViewController.swift */; };
		5A18D3B01C3B262800D6536A /* Main.storyboard in Resources */ = {isa = PBXBuildFile; fileRef = 5A18D3AE1C3B262800D6536A /* Main.storyboard */; };
		5A18D3B21C3B262800D6536A /* Assets.xcassets in Resources */ = {isa = PBXBuildFile; fileRef = 5A18D3B11C3B262800D6536A /* Assets.xcassets */; };
		5A18D3B51C3B262800D6536A /* LaunchScreen.storyboard in Resources */ = {isa = PBXBuildFile; fileRef = 5A18D3B31C3B262800D6536A /* LaunchScreen.storyboard */; };
		5A18D3C01C3B262800D6536A /* supercalcTests.swift in Sources */ = {isa = PBXBuildFile; fileRef = 5A18D3BF1C3B262800D6536A /* supercalcTests.swift */; };
		5A18D3CB1C3B262800D6536A /* supercalcUITests.swift in Sources */ = {isa = PBXBuildFile; fileRef = 5A18D3CA1C3B262800D6536A /* supercalcUITests.swift */; };
/* End PBXBuildFile section */

/* Begin PBXContainerItemProxy section */
		5A18D3BC1C3B262800D6536A /* PBXContainerItemProxy */ = {
			isa = PBXContainerItemProxy;
			containerPortal = 5A18D39F1C3B262700D6536A /* Project object */;
			proxyType = 1;
			remoteGlobalIDString = 5A18D3A61C3B262700D6536A;
			remoteInfo = supercalc;
		};
		5A18D3C71C3B262800D6536A /* PBXContainerItemProxy */ = {
			isa = PBXContainerItemProxy;
			containerPortal = 5A18D39F1C3B262700D6536A /* Project object */;
			proxyType = 1;
			remoteGlobalIDString = 5A18D3A61C3B262700D6536A;
			remoteInfo = supercalc;
		};
/* End PBXContainerItemProxy section */

/* Begin PBXFileReference section */
		5A18D3A71C3B262700D6536A /* supercalc.app */ = {isa = PBXFileReference; explicitFileType = wrapper.application; includeInIndex = 0; path = supercalc.app; sourceTree = BUILT_PRODUCTS_DIR; };
		5A18D3AA1C3B262800D6536A /* AppDelegate.swift */ = {isa = PBXFileReference; lastKnownFileType = sourcecode.swift; path = AppDelegate.swift; sourceTree = "<group>"; };
		5A18D3AC1C3B262800D6536A /* ViewController.swift */ = {isa = PBXFileReference; lastKnownFileType = sourcecode.swift; path = ViewController.swift; sourceTree = "<group>"; };
		5A18D3AF1C3B262800D6536A /* Base */ = {isa = PBXFileReference; lastKnownFileType = file.storyboard; name = Base; path = Base.lproj/Main.storyboard; sourceTree = "<group>"; };
		5A18D3B11C3B262800D6536A /* Assets.xcassets */ = {isa = PBXFileReference; lastKnownFileType = folder.assetcatalog; path = Assets.xcassets; sourceTree = "<group>"; };
		5A18D3B41C3B262800D6536A /* Base */ = {isa = PBXFileReference; lastKnownFileType = file.storyboard; name = Base; path = Base.lproj/LaunchScreen.storyboard; sourceTree = "<group>"; };
		5A18D3B61C3B262800D6536A /* Info.plist */ = {isa = PBXFileReference; lastKnownFileType = text.plist.xml; path = Info.plist; sourceTree = "<group>"; };
		5A18D3BB1C3B262800D6536A /* supercalcTests.xctest */ = {isa = PBXFileReference; explicitFileType = wrapper.cfbundle; includeInIndex = 0; path = supercalcTests.xctest; sourceTree = BUILT_PRODUCTS_DIR; };
		5A18D3BF1C3B262800D6536A /* supercalcTests.swift */ = {isa = PBXFileReference; lastKnownFileType = sourcecode.swift; path = supercalcTests.swift; sourceTree = "<group>"; };
		5A18D3C11C3B262800D6536A /* Info.plist */ = {isa = PBXFileReference; lastKnownFileType = text.plist.xml; path = Info.plist; sourceTree = "<group>"; };
		5A18D3C61C3B262800D6536A /* supercalcUITests.xctest */ = {isa = PBXFileReference; explicitFileType = wrapper.cfbundle; includeInIndex = 0; path = supercalcUITests.xctest; sourceTree = BUILT_PRODUCTS_DIR; };
		5A18D3CA1C3B262800D6536A /* supercalcUITests.swift */ = {isa = PBXFileReference; lastKnownFileType = sourcecode.swift; path = supercalcUITests.swift; sourceTree = "<group>"; };
		5A18D3CC1C3B262800D6536A /* Info.plist */ = {isa = PBXFileReference; lastKnownFileType = text.plist.xml; path = Info.plist; sourceTree = "<group>"; };
/* End PBXFileReference section */

/* Begin PBXFrameworksBuildPhase section */
		5A18D3A41C3B262700D6536A /* Frameworks */ = {
			isa = PBXFrameworksBuildPhase;
			buildActionMask = 2147483647;
			files = (
			);
			runOnlyForDeploymentPostprocessing = 0;
		};
		5A18D3B81C3B262800D6536A /* Frameworks */ = {
			isa = PBXFrameworksBuildPhase;
			buildActionMask = 2147483647;
			files = (
			);
			runOnlyForDeploymentPostprocessing = 0;
		};
		5A18D3C31C3B262800D6536A /* Frameworks */ = {
			isa = PBXFrameworksBuildPhase;
			buildActionMask = 2147483647;
			files = (
			);
			runOnlyForDeploymentPostprocessing = 0;
		};
/* End PBXFrameworksBuildPhase section */

/* Begin PBXGroup section */
		5A18D39E1C3B262700D6536A = {
			isa = PBXGroup;
			children = (
				5A18D3A91C3B262800D6536A /* supercalc */,
				5A18D3BE1C3B262800D6536A /* supercalcTests */,
				5A18D3C91C3B262800D6536A /* supercalcUITests */,
				5A18D3A81C3B262700D6536A /* Products */,
			);
			sourceTree = "<group>";
		};
		5A18D3A81C3B262700D6536A /* Products */ = {
			isa = PBXGroup;
			children = (
				5A18D3A71C3B262700D6536A /* supercalc.app */,
				5A18D3BB1C3B262800D6536A /* supercalcTests.xctest */,
				5A18D3C61C3B262800D6536A /* supercalcUITests.xctest */,
			);
			name = Products;
			sourceTree = "<group>";
		};
		5A18D3A91C3B262800D6536A /* supercalc */ = {
			isa = PBXGroup;
			children = (
				5A18D3AA1C3B262800D6536A /* AppDelegate.swift */,
				5A18D3AC1C3B262800D6536A /* ViewController.swift */,
				5A18D3AE1C3B262800D6536A /* Main.storyboard */,
				5A18D3B11C3B262800D6536A /* Assets.xcassets */,
				5A18D3B31C3B262800D6536A /* LaunchScreen.storyboard */,
				5A18D3B61C3B262800D6536A /* Info.plist */,
			);
			path = supercalc;
			sourceTree = "<group>";
		};
		5A18D3BE1C3B262800D6536A /* supercalcTests */ = {
			isa = PBXGroup;
			children = (
				5A18D3BF1C3B262800D6536A /* supercalcTests.swift */,
				5A18D3C11C3B262800D6536A /* Info.plist */,
			);
			path = supercalcTests;
			sourceTree = "<group>";
		};
		5A18D3C91C3B262800D6536A /* supercalcUITests */ = {
			isa = PBXGroup;
			children = (
				5A18D3CA1C3B262800D6536A /* supercalcUITests.swift */,
				5A18D3CC1C3B262800D6536A /* Info.plist */,
			);
			path = supercalcUITests;
			sourceTree = "<group>";
		};
/* End PBXGroup section */

/* Begin PBXNativeTarget section */
		5A18D3A61C3B262700D6536A /* supercalc */ = {
			isa = PBXNativeTarget;
			buildConfigurationList = 5A18D3CF1C3B262800D6536A /* Build configuration list for PBXNativeTarget "supercalc" */;
			buildPhases = (
				5A18D3A31C3B262700D6536A /* Sources */,
				5A18D3A41C3B262700D6536A /* Frameworks */,
				5A18D3A51C3B262700D6536A /* Resources */,
			);
			buildRules = (
			);
			dependencies = (
			);
			name = supercalc;
			productName = supercalc;
			productReference = 5A18D3A71C3B262700D6536A /* supercalc.app */;
			productType = "com.apple.product-type.application";
		};
		5A18D3BA1C3B262800D6536A /* supercalcTests */ = {
			isa = PBXNativeTarget;
			buildConfigurationList = 5A18D3D21C3B262800D6536A /* Build configuration list for PBXNativeTarget "supercalcTests" */;
			buildPhases = (
				5A18D3B71C3B262800D6536A /* Sources */,
				5A18D3B81C3B262800D6536A /* Frameworks */,
				5A18D3B91C3B262800D6536A /* Resources */,
			);
			buildRules = (
			);
			dependencies = (
				5A18D3BD1C3B262800D6536A /* PBXTargetDependency */,
			);
			name = supercalcTests;
			productName = supercalcTests;
			productReference = 5A18D3BB1C3B262800D6536A /* supercalcTests.xctest */;
			productType = "com.apple.product-type.bundle.unit-test";
		};
		5A18D3C51C3B262800D6536A /* supercalcUITests */ = {
			isa = PBXNativeTarget;
			buildConfigurationList = 5A18D3D51C3B262800D6536A /* Build configuration list for PBXNativeTarget "supercalcUITests" */;
			buildPhases = (
				5A18D3C21C3B262800D6536A /* Sources */,
				5A18D3C31C3B262800D6536A /* Frameworks */,
				5A18D3C41C3B262800D6536A /* Resources */,
			);
			buildRules = (
			);
			dependencies = (
				5A18D3C81C3B262800D6536A /* PBXTargetDependency */,
			);
			name = supercalcUITests;
			productName = supercalcUITests;
			productReference = 5A18D3C61C3B262800D6536A /* supercalcUITests.xctest */;
			productType = "com.apple.product-type.bundle.ui-testing";
		};
/* End PBXNativeTarget section */

/* Begin PBXProject section */
		5A18D39F1C3B262700D6536A /* Project object */ = {
			isa = PBXProject;
			attributes = {
				LastSwiftUpdateCheck = 0720;
				LastUpgradeCheck = 0720;
				ORGANIZATIONNAME = "Owen Hooper";
				TargetAttributes = {
					5A18D3A61C3B262700D6536A = {
						CreatedOnToolsVersion = 7.2;
						DevelopmentTeam = D44QQ55732;
					};
					5A18D3BA1C3B262800D6536A = {
						CreatedOnToolsVersion = 7.2;
						DevelopmentTeam = D44QQ55732;
						TestTargetID = 5A18D3A61C3B262700D6536A;
					};
					5A18D3C51C3B262800D6536A = {
						CreatedOnToolsVersion = 7.2;
						DevelopmentTeam = D44QQ55732;
						TestTargetID = 5A18D3A61C3B262700D6536A;
					};
				};
			};
			buildConfigurationList = 5A18D3A21C3B262700D6536A /* Build configuration list for PBXProject "supercalc" */;
			compatibilityVersion = "Xcode 3.2";
			developmentRegion = English;
			hasScannedForEncodings = 0;
			knownRegions = (
				en,
				Base,
			);
			mainGroup = 5A18D39E1C3B262700D6536A;
			productRefGroup = 5A18D3A81C3B262700D6536A /* Products */;
			projectDirPath = "";
			projectRoot = "";
			targets = (
				5A18D3A61C3B262700D6536A /* supercalc */,
				5A18D3BA1C3B262800D6536A /* supercalcTests */,
				5A18D3C51C3B262800D6536A /* supercalcUITests */,
			);
		};
/* End PBXProject section */

/* Begin PBXResourcesBuildPhase section */
		5A18D3A51C3B262700D6536A /* Resources */ = {
			isa = PBXResourcesBuildPhase;
			buildActionMask = 2147483647;
			files = (
				5A18D3B51C3B262800D6536A /* LaunchScreen.storyboard in Resources */,
				5A18D3B21C3B262800D6536A /* Assets.xcassets in Resources */,
				5A18D3B01C3B262800D6536A /* Main.storyboard in Resources */,
			);
			runOnlyForDeploymentPostprocessing = 0;
		};
		5A18D3B91C3B262800D6536A /* Resources */ = {
			isa = PBXResourcesBuildPhase;
			buildActionMask = 2147483647;
			files = (
			);
			runOnlyForDeploymentPostprocessing = 0;
		};
		5A18D3C41C3B262800D6536A /* Resources */ = {
			isa = PBXResourcesBuildPhase;
			buildActionMask = 2147483647;
			files = (
			);
			runOnlyForDeploymentPostprocessing = 0;
		};
/* End PBXResourcesBuildPhase section */

/* Begin PBXSourcesBuildPhase section */
		5A18D3A31C3B262700D6536A /* Sources */ = {
			isa = PBXSourcesBuildPhase;
			buildActionMask = 2147483647;
			files = (
				5A18D3AD1C3B262800D6536A /* ViewController.swift in Sources */,
				5A18D3AB1C3B262800D6536A /* AppDelegate.swift in Sources */,
			);
			runOnlyForDeploymentPostprocessing = 0;
		};
		5A18D3B71C3B262800D6536A /* Sources */ = {
			isa = PBXSourcesBuildPhase;
			buildActionMask = 2147483647;
			files = (
				5A18D3C01C3B262800D6536A /* supercalcTests.swift in Sources */,
			);
			runOnlyForDeploymentPostprocessing = 0;
		};
		5A18D3C21C3B262800D6536A /* Sources */ = {
			isa = PBXSourcesBuildPhase;
			buildActionMask = 2147483647;
			files = (
				5A18D3CB1C3B262800D6536A /* supercalcUITests.swift in Sources */,
			);
			runOnlyForDeploymentPostprocessing = 0;
		};
/* End PBXSourcesBuildPhase section */

/* Begin PBXTargetDependency section */
		5A18D3BD1C3B262800D6536A /* PBXTargetDependency */ = {
			isa = PBXTargetDependency;
			target = 5A18D3A61C3B262700D6536A /* supercalc */;
			targetProxy = 5A18D3BC1C3B262800D6536A /* PBXContainerItemProxy */;
		};
		5A18D3C81C3B262800D6536A /* PBXTargetDependency */ = {
			isa = PBXTargetDependency;
			target = 5A18D3A61C3B262700D6536A /* supercalc */;
			targetProxy = 5A18D3C71C3B262800D6536A /* PBXContainerItemProxy */;
		};
/* End PBXTargetDependency section */

/* Begin PBXVariantGroup section */
		5A18D3AE1C3B262800D6536A /* Main.storyboard */ = {
			isa = PBXVariantGroup;
			children = (
				5A18D3AF1C3B262800D6536A /* Base */,
			);
			name = Main.storyboard;
			sourceTree = "<group>";
		};
		5A18D3B31C3B262800D6536A /* LaunchScreen.storyboard */ = {
			isa = PBXVariantGroup;
			children = (
				5A18D3B41C3B262800D6536A /* Base */,
			);
			name = LaunchScreen.storyboard;
			sourceTree = "<group>";
		};
/* End PBXVariantGroup section */

/* Begin XCBuildConfiguration section */
		5A18D3CD1C3B262800D6536A /* Debug */ = {
			isa = XCBuildConfiguration;
			buildSettings = {
				ALWAYS_SEARCH_USER_PATHS = NO;
				CLANG_CXX_LANGUAGE_STANDARD = "gnu++0x";
				CLANG_CXX_LIBRARY = "libc++";
				CLANG_ENABLE_MODULES = YES;
				CLANG_ENABLE_OBJC_ARC = YES;
				CLANG_WARN_BOOL_CONVERSION = YES;
				CLANG_WARN_CONSTANT_CONVERSION = YES;
				CLANG_WARN_DIRECT_OBJC_ISA_USAGE = YES_ERROR;
				CLANG_WARN_EMPTY_BODY = YES;
				CLANG_WARN_ENUM_CONVERSION = YES;
				CLANG_WARN_INT_CONVERSION = YES;
				CLANG_WARN_OBJC_ROOT_CLASS = YES_ERROR;
				CLANG_WARN_UNREACHABLE_CODE = YES;
				CLANG_WARN__DUPLICATE_METHOD_MATCH = YES;
				"CODE_SIGN_IDENTITY[sdk=iphoneos*]" = "iPhone Developer";
				COPY_PHASE_STRIP = NO;
				DEBUG_INFORMATION_FORMAT = dwarf;
				ENABLE_STRICT_OBJC_MSGSEND = YES;
				ENABLE_TESTABILITY = YES;
				GCC_C_LANGUAGE_STANDARD = gnu99;
				GCC_DYNAMIC_NO_PIC = NO;
				GCC_NO_COMMON_BLOCKS = YES;
				GCC_OPTIMIZATION_LEVEL = 0;
				GCC_PREPROCESSOR_DEFINITIONS = (
					"DEBUG=1",
					"$(inherited)",
				);
				GCC_WARN_64_TO_32_BIT_CONVERSION = YES;
				GCC_WARN_ABOUT_RETURN_TYPE = YES_ERROR;
				GCC_WARN_UNDECLARED_SELECTOR = YES;
				GCC_WARN_UNINITIALIZED_AUTOS = YES_AGGRESSIVE;
				GCC_WARN_UNUSED_FUNCTION = YES;
				GCC_WARN_UNUSED_VARIABLE = YES;
				IPHONEOS_DEPLOYMENT_TARGET = 9.2;
				MTL_ENABLE_DEBUG_INFO = YES;
				ONLY_ACTIVE_ARCH = YES;
				SDKROOT = iphoneos;
				SWIFT_OPTIMIZATION_LEVEL = "-Onone";
				TARGETED_DEVICE_FAMILY = "1,2";
			};
			name = Debug;
		};
		5A18D3CE1C3B262800D6536A /* Release */ = {
			isa = XCBuildConfiguration;
			buildSettings = {
				ALWAYS_SEARCH_USER_PATHS = NO;
				CLANG_CXX_LANGUAGE_STANDARD = "gnu++0x";
				CLANG_CXX_LIBRARY = "libc++";
				CLANG_ENABLE_MODULES = YES;
				CLANG_ENABLE_OBJC_ARC = YES;
				CLANG_WARN_BOOL_CONVERSION = YES;
				CLANG_WARN_CONSTANT_CONVERSION = YES;
				CLANG_WARN_DIRECT_OBJC_ISA_USAGE = YES_ERROR;
				CLANG_WARN_EMPTY_BODY = YES;
				CLANG_WARN_ENUM_CONVERSION = YES;
				CLANG_WARN_INT_CONVERSION = YES;
				CLANG_WARN_OBJC_ROOT_CLASS = YES_ERROR;
				CLANG_WARN_UNREACHABLE_CODE = YES;
				CLANG_WARN__DUPLICATE_METHOD_MATCH = YES;
				"CODE_SIGN_IDENTITY[sdk=iphoneos*]" = "iPhone Developer";
				COPY_PHASE_STRIP = NO;
				DEBUG_INFORMATION_FORMAT = "dwarf-with-dsym";
				ENABLE_NS_ASSERTIONS = NO;
				ENABLE_STRICT_OBJC_MSGSEND = YES;
				GCC_C_LANGUAGE_STANDARD = gnu99;
				GCC_NO_COMMON_BLOCKS = YES;
				GCC_WARN_64_TO_32_BIT_CONVERSION = YES;
				GCC_WARN_ABOUT_RETURN_TYPE = YES_ERROR;
				GCC_WARN_UNDECLARED_SELECTOR = YES;
				GCC_WARN_UNINITIALIZED_AUTOS = YES_AGGRESSIVE;
				GCC_WARN_UNUSED_FUNCTION = YES;
				GCC_WARN_UNUSED_VARIABLE = YES;
				IPHONEOS_DEPLOYMENT_TARGET = 9.2;
				MTL_ENABLE_DEBUG_INFO = NO;
				SDKROOT = iphoneos;
				TARGETED_DEVICE_FAMILY = "1,2";
				VALIDATE_PRODUCT = YES;
			};
			name = Release;
		};
		5A18D3D01C3B262800D6536A /* Debug */ = {
			isa = XCBuildConfiguration;
			buildSettings = {
				ASSETCATALOG_COMPILER_APPICON_NAME = AppIcon;
				INFOPLIST_FILE = supercalc/Info.plist;
				LD_RUNPATH_SEARCH_PATHS = "$(inherited) @executable_path/Frameworks";
				PRODUCT_BUNDLE_IDENTIFIER = com.owenhooper.supercalc;
				PRODUCT_NAME = "$(TARGET_NAME)";
			};
			name = Debug;
		};
		5A18D3D11C3B262800D6536A /* Release */ = {
			isa = XCBuildConfiguration;
			buildSettings = {
				ASSETCATALOG_COMPILER_APPICON_NAME = AppIcon;
				INFOPLIST_FILE = supercalc/Info.plist;
				LD_RUNPATH_SEARCH_PATHS = "$(inherited) @executable_path/Frameworks";
				PRODUCT_BUNDLE_IDENTIFIER = com.owenhooper.supercalc;
				PRODUCT_NAME = "$(TARGET_NAME)";
			};
			name = Release;
		};
		5A18D3D31C3B262800D6536A /* Debug */ = {
			isa = XCBuildConfiguration;
			buildSettings = {
				BUNDLE_LOADER = "$(TEST_HOST)";
				INFOPLIST_FILE = supercalcTests/Info.plist;
				LD_RUNPATH_SEARCH_PATHS = "$(inherited) @executable_path/Frameworks @loader_path/Frameworks";
				PRODUCT_BUNDLE_IDENTIFIER = com.owenhooper.supercalcTests;
				PRODUCT_NAME = "$(TARGET_NAME)";
				TEST_HOST = "$(BUILT_PRODUCTS_DIR)/supercalc.app/supercalc";
			};
			name = Debug;
		};
		5A18D3D41C3B262800D6536A /* Release */ = {
			isa = XCBuildConfiguration;
			buildSettings = {
				BUNDLE_LOADER = "$(TEST_HOST)";
				INFOPLIST_FILE = supercalcTests/Info.plist;
				LD_RUNPATH_SEARCH_PATHS = "$(inherited) @executable_path/Frameworks @loader_path/Frameworks";
				PRODUCT_BUNDLE_IDENTIFIER = com.owenhooper.supercalcTests;
				PRODUCT_NAME = "$(TARGET_NAME)";
				TEST_HOST = "$(BUILT_PRODUCTS_DIR)/supercalc.app/supercalc";
			};
			name = Release;
		};
		5A18D3D61C3B262800D6536A /* Debug */ = {
			isa = XCBuildConfiguration;
			buildSettings = {
				INFOPLIST_FILE = supercalcUITests/Info.plist;
				LD_RUNPATH_SEARCH_PATHS = "$(inherited) @executable_path/Frameworks @loader_path/Frameworks";
				PRODUCT_BUNDLE_IDENTIFIER = com.owenhooper.supercalcUITests;
				PRODUCT_NAME = "$(TARGET_NAME)";
				TEST_TARGET_NAME = supercalc;
				USES_XCTRUNNER = YES;
			};
			name = Debug;
		};
		5A18D3D71C3B262800D6536A /* Release */ = {
			isa = XCBuildConfiguration;
			buildSettings = {
				INFOPLIST_FILE = supercalcUITests/Info.plist;
				LD_RUNPATH_SEARCH_PATHS = "$(inherited) @executable_path/Frameworks @loader_path/Frameworks";
				PRODUCT_BUNDLE_IDENTIFIER = com.owenhooper.supercalcUITests;
				PRODUCT_NAME = "$(TARGET_NAME)";
				TEST_TARGET_NAME = supercalc;
				USES_XCTRUNNER = YES;
			};
			name = Release;
		};
/* End XCBuildConfiguration section */

/* Begin XCConfigurationList section */
		5A18D3A21C3B262700D6536A /* Build configuration list for PBXProject "supercalc" */ = {
			isa = XCConfigurationList;
			buildConfigurations = (
				5A18D3CD1C3B262800D6536A /* Debug */,
				5A18D3CE1C3B262800D6536A /* Release */,
			);
			defaultConfigurationIsVisible = 0;
			defaultConfigurationName = Release;
		};
		5A18D3CF1C3B262800D6536A /* Build configuration list for PBXNativeTarget "supercalc" */ = {
			isa = XCConfigurationList;
			buildConfigurations = (
				5A18D3D01C3B262800D6536A /* Debug */,
				5A18D3D11C3B262800D6536A /* Release */,
			);
			defaultConfigurationIsVisible = 0;
		};
		5A18D3D21C3B262800D6536A /* Build configuration list for PBXNativeTarget "supercalcTests" */ = {
			isa = XCConfigurationList;
			buildConfigurations = (
				5A18D3D31C3B262800D6536A /* Debug */,
				5A18D3D41C3B262800D6536A /* Release */,
			);
			defaultConfigurationIsVisible = 0;
		};
		5A18D3D51C3B262800D6536A /* Build configuration list for PBXNativeTarget "supercalcUITests" */ = {
			isa = XCConfigurationList;
			buildConfigurations = (
				5A18D3D61C3B262800D6536A /* Debug */,
				5A18D3D71C3B262800D6536A /* Release */,
			);
			defaultConfigurationIsVisible = 0;
		};
/* End XCConfigurationList section */
	};
	rootObject = 5A18D39F1C3B262700D6536A /* Project object */;
}
